// !$*UTF8*$!
{
	archiveVersion = 1;
	classes = {
	};
	objectVersion = 46;
	objects = {

/* Begin PBXBuildFile section */
		B37E11221C90572C00D591F2 /* main.m in Sources */ = {isa = PBXBuildFile; fileRef = B37E11211C90572C00D591F2 /* main.m */; };
		B37E11251C90572C00D591F2 /* AppDelegate.m in Sources */ = {isa = PBXBuildFile; fileRef = B37E11241C90572C00D591F2 /* AppDelegate.m */; };
		B37E11281C90572C00D591F2 /* ViewController.m in Sources */ = {isa = PBXBuildFile; fileRef = B37E11271C90572C00D591F2 /* ViewController.m */; };
		B37E112B1C90572C00D591F2 /* Main.storyboard in Resources */ = {isa = PBXBuildFile; fileRef = B37E11291C90572C00D591F2 /* Main.storyboard */; };
		B37E112D1C90572C00D591F2 /* Assets.xcassets in Resources */ = {isa = PBXBuildFile; fileRef = B37E112C1C90572C00D591F2 /* Assets.xcassets */; };
		B37E11301C90572C00D591F2 /* LaunchScreen.storyboard in Resources */ = {isa = PBXBuildFile; fileRef = B37E112E1C90572C00D591F2 /* LaunchScreen.storyboard */; };
		B37E113C1C90576B00D591F2 /* libz.tbd in Frameworks */ = {isa = PBXBuildFile; fileRef = B37E113B1C90576B00D591F2 /* libz.tbd */; };
		B3C59A1B1CA117F400CDA4A2 /* GoogleService-Info.plist in Resources */ = {isa = PBXBuildFile; fileRef = B3C59A1A1CA117F400CDA4A2 /* GoogleService-Info.plist */; settings = {ASSET_TAGS = (); }; };
		B3C59A211CA11A5300CDA4A2 /* AddressBook.framework in Frameworks */ = {isa = PBXBuildFile; fileRef = B3C59A201CA11A5300CDA4A2 /* AddressBook.framework */; };
		B3C59A231CA11A5A00CDA4A2 /* SafariServices.framework in Frameworks */ = {isa = PBXBuildFile; fileRef = B3C59A221CA11A5A00CDA4A2 /* SafariServices.framework */; };
		B3C59A251CA11A6200CDA4A2 /* StoreKit.framework in Frameworks */ = {isa = PBXBuildFile; fileRef = B3C59A241CA11A6200CDA4A2 /* StoreKit.framework */; };
		B3C59A271CA11A7700CDA4A2 /* SystemConfiguration.framework in Frameworks */ = {isa = PBXBuildFile; fileRef = B3C59A261CA11A7700CDA4A2 /* SystemConfiguration.framework */; };
		B3C59D761CA1788500CDA4A2 /* GoogleSignIn.bundle in Resources */ = {isa = PBXBuildFile; fileRef = B3C59D741CA1788500CDA4A2 /* GoogleSignIn.bundle */; settings = {ASSET_TAGS = (); }; };
		B3C59D771CA1788500CDA4A2 /* GoogleSignIn.framework in Frameworks */ = {isa = PBXBuildFile; fileRef = B3C59D751CA1788500CDA4A2 /* GoogleSignIn.framework */; settings = {ASSET_TAGS = (); }; };
/* End PBXBuildFile section */

/* Begin PBXFileReference section */
		B37E111D1C90572C00D591F2 /* GoogleSignIn.app */ = {isa = PBXFileReference; explicitFileType = wrapper.application; includeInIndex = 0; path = GoogleSignIn.app; sourceTree = BUILT_PRODUCTS_DIR; };
		B37E11211C90572C00D591F2 /* main.m */ = {isa = PBXFileReference; lastKnownFileType = sourcecode.c.objc; path = main.m; sourceTree = "<group>"; };
		B37E11231C90572C00D591F2 /* AppDelegate.h */ = {isa = PBXFileReference; lastKnownFileType = sourcecode.c.h; path = AppDelegate.h; sourceTree = "<group>"; };
		B37E11241C90572C00D591F2 /* AppDelegate.m */ = {isa = PBXFileReference; lastKnownFileType = sourcecode.c.objc; path = AppDelegate.m; sourceTree = "<group>"; };
		B37E11261C90572C00D591F2 /* ViewController.h */ = {isa = PBXFileReference; lastKnownFileType = sourcecode.c.h; path = ViewController.h; sourceTree = "<group>"; };
		B37E11271C90572C00D591F2 /* ViewController.m */ = {isa = PBXFileReference; lastKnownFileType = sourcecode.c.objc; path = ViewController.m; sourceTree = "<group>"; };
		B37E112A1C90572C00D591F2 /* Base */ = {isa = PBXFileReference; lastKnownFileType = file.storyboard; name = Base; path = Base.lproj/Main.storyboard; sourceTree = "<group>"; };
		B37E112C1C90572C00D591F2 /* Assets.xcassets */ = {isa = PBXFileReference; lastKnownFileType = folder.assetcatalog; path = Assets.xcassets; sourceTree = "<group>"; };
		B37E112F1C90572C00D591F2 /* Base */ = {isa = PBXFileReference; lastKnownFileType = file.storyboard; name = Base; path = Base.lproj/LaunchScreen.storyboard; sourceTree = "<group>"; };
		B37E11311C90572C00D591F2 /* Info.plist */ = {isa = PBXFileReference; lastKnownFileType = text.plist.xml; path = Info.plist; sourceTree = "<group>"; };
		B37E113B1C90576B00D591F2 /* libz.tbd */ = {isa = PBXFileReference; lastKnownFileType = "sourcecode.text-based-dylib-definition"; name = libz.tbd; path = usr/lib/libz.tbd; sourceTree = SDKROOT; };
		B3C59A1A1CA117F400CDA4A2 /* GoogleService-Info.plist */ = {isa = PBXFileReference; fileEncoding = 4; lastKnownFileType = text.plist.xml; path = "GoogleService-Info.plist"; sourceTree = "<group>"; };
		B3C59A201CA11A5300CDA4A2 /* AddressBook.framework */ = {isa = PBXFileReference; lastKnownFileType = wrapper.framework; name = AddressBook.framework; path = System/Library/Frameworks/AddressBook.framework; sourceTree = SDKROOT; };
		B3C59A221CA11A5A00CDA4A2 /* SafariServices.framework */ = {isa = PBXFileReference; lastKnownFileType = wrapper.framework; name = SafariServices.framework; path = System/Library/Frameworks/SafariServices.framework; sourceTree = SDKROOT; };
		B3C59A241CA11A6200CDA4A2 /* StoreKit.framework */ = {isa = PBXFileReference; lastKnownFileType = wrapper.framework; name = StoreKit.framework; path = System/Library/Frameworks/StoreKit.framework; sourceTree = SDKROOT; };
		B3C59A261CA11A7700CDA4A2 /* SystemConfiguration.framework */ = {isa = PBXFileReference; lastKnownFileType = wrapper.framework; name = SystemConfiguration.framework; path = System/Library/Frameworks/SystemConfiguration.framework; sourceTree = SDKROOT; };
		B3C59D741CA1788500CDA4A2 /* GoogleSignIn.bundle */ = {isa = PBXFileReference; lastKnownFileType = "wrapper.plug-in"; path = GoogleSignIn.bundle; sourceTree = "<group>"; };
		B3C59D751CA1788500CDA4A2 /* GoogleSignIn.framework */ = {isa = PBXFileReference; lastKnownFileType = wrapper.framework; path = GoogleSignIn.framework; sourceTree = "<group>"; };
/* End PBXFileReference section */

/* Begin PBXFrameworksBuildPhase section */
		B37E111A1C90572C00D591F2 /* Frameworks */ = {
			isa = PBXFrameworksBuildPhase;
			buildActionMask = 2147483647;
			files = (
				B3C59A271CA11A7700CDA4A2 /* SystemConfiguration.framework in Frameworks */,
				B3C59D771CA1788500CDA4A2 /* GoogleSignIn.framework in Frameworks */,
				B3C59A251CA11A6200CDA4A2 /* StoreKit.framework in Frameworks */,
				B3C59A231CA11A5A00CDA4A2 /* SafariServices.framework in Frameworks */,
				B3C59A211CA11A5300CDA4A2 /* AddressBook.framework in Frameworks */,
				B37E113C1C90576B00D591F2 /* libz.tbd in Frameworks */,
			);
			runOnlyForDeploymentPostprocessing = 0;
		};
/* End PBXFrameworksBuildPhase section */

/* Begin PBXGroup section */
		B37E11141C90572B00D591F2 = {
			isa = PBXGroup;
			children = (
				B3C59D741CA1788500CDA4A2 /* GoogleSignIn.bundle */,
				B3C59D751CA1788500CDA4A2 /* GoogleSignIn.framework */,
				B3C59A261CA11A7700CDA4A2 /* SystemConfiguration.framework */,
				B3C59A241CA11A6200CDA4A2 /* StoreKit.framework */,
				B3C59A221CA11A5A00CDA4A2 /* SafariServices.framework */,
				B3C59A201CA11A5300CDA4A2 /* AddressBook.framework */,
				B37E111F1C90572C00D591F2 /* GoogleSignIn */,
				B37E111E1C90572C00D591F2 /* Products */,
			);
			sourceTree = "<group>";
		};
		B37E111E1C90572C00D591F2 /* Products */ = {
			isa = PBXGroup;
			children = (
				B37E111D1C90572C00D591F2 /* GoogleSignIn.app */,
			);
			name = Products;
			sourceTree = "<group>";
		};
		B37E111F1C90572C00D591F2 /* GoogleSignIn */ = {
			isa = PBXGroup;
			children = (
				B37E113B1C90576B00D591F2 /* libz.tbd */,
				B37E11231C90572C00D591F2 /* AppDelegate.h */,
				B37E11241C90572C00D591F2 /* AppDelegate.m */,
				B37E11261C90572C00D591F2 /* ViewController.h */,
				B37E11271C90572C00D591F2 /* ViewController.m */,
				B37E11291C90572C00D591F2 /* Main.storyboard */,
				B37E112C1C90572C00D591F2 /* Assets.xcassets */,
				B37E112E1C90572C00D591F2 /* LaunchScreen.storyboard */,
				B37E11311C90572C00D591F2 /* Info.plist */,
				B3C59A1A1CA117F400CDA4A2 /* GoogleService-Info.plist */,
				B37E11201C90572C00D591F2 /* Supporting Files */,
			);
			path = GoogleSignIn;
			sourceTree = "<group>";
		};
		B37E11201C90572C00D591F2 /* Supporting Files */ = {
			isa = PBXGroup;
			children = (
				B37E11211C90572C00D591F2 /* main.m */,
			);
			name = "Supporting Files";
			sourceTree = "<group>";
		};
/* End PBXGroup section */

/* Begin PBXNativeTarget section */
		B37E111C1C90572C00D591F2 /* GoogleSignIn */ = {
			isa = PBXNativeTarget;
			buildConfigurationList = B37E11341C90572C00D591F2 /* Build configuration list for PBXNativeTarget "GoogleSignIn" */;
			buildPhases = (
				B37E11191C90572C00D591F2 /* Sources */,
				B37E111A1C90572C00D591F2 /* Frameworks */,
				B37E111B1C90572C00D591F2 /* Resources */,
			);
			buildRules = (
			);
			dependencies = (
			);
			name = GoogleSignIn;
			productName = GoogleSignIn;
			productReference = B37E111D1C90572C00D591F2 /* GoogleSignIn.app */;
			productType = "com.apple.product-type.application";
		};
/* End PBXNativeTarget section */

/* Begin PBXProject section */
		B37E11151C90572B00D591F2 /* Project object */ = {
			isa = PBXProject;
			attributes = {
				LastUpgradeCheck = 0700;
				ORGANIZATIONNAME = "CI-07";
				TargetAttributes = {
					B37E111C1C90572C00D591F2 = {
						CreatedOnToolsVersion = 7.0;
					};
				};
			};
			buildConfigurationList = B37E11181C90572B00D591F2 /* Build configuration list for PBXProject "GoogleSignIn" */;
			compatibilityVersion = "Xcode 3.2";
			developmentRegion = English;
			hasScannedForEncodings = 0;
			knownRegions = (
				en,
				Base,
			);
			mainGroup = B37E11141C90572B00D591F2;
			productRefGroup = B37E111E1C90572C00D591F2 /* Products */;
			projectDirPath = "";
			projectRoot = "";
			targets = (
				B37E111C1C90572C00D591F2 /* GoogleSignIn */,
			);
		};
/* End PBXProject section */

/* Begin PBXResourcesBuildPhase section */
		B37E111B1C90572C00D591F2 /* Resources */ = {
			isa = PBXResourcesBuildPhase;
			buildActionMask = 2147483647;
			files = (
				B3C59A1B1CA117F400CDA4A2 /* GoogleService-Info.plist in Resources */,
				B3C59D761CA1788500CDA4A2 /* GoogleSignIn.bundle in Resources */,
				B37E11301C90572C00D591F2 /* LaunchScreen.storyboard in Resources */,
				B37E112D1C90572C00D591F2 /* Assets.xcassets in Resources */,
				B37E112B1C90572C00D591F2 /* Main.storyboard in Resources */,
			);
			runOnlyForDeploymentPostprocessing = 0;
		};
/* End PBXResourcesBuildPhase section */

/* Begin PBXSourcesBuildPhase section */
		B37E11191C90572C00D591F2 /* Sources */ = {
			isa = PBXSourcesBuildPhase;
			buildActionMask = 2147483647;
			files = (
				B37E11281C90572C00D591F2 /* ViewController.m in Sources */,
				B37E11251C90572C00D591F2 /* AppDelegate.m in Sources */,
				B37E11221C90572C00D591F2 /* main.m in Sources */,
			);
			runOnlyForDeploymentPostprocessing = 0;
		};
/* End PBXSourcesBuildPhase section */

/* Begin PBXVariantGroup section */
		B37E11291C90572C00D591F2 /* Main.storyboard */ = {
			isa = PBXVariantGroup;
			children = (
				B37E112A1C90572C00D591F2 /* Base */,
			);
			name = Main.storyboard;
			sourceTree = "<group>";
		};
		B37E112E1C90572C00D591F2 /* LaunchScreen.storyboard */ = {
			isa = PBXVariantGroup;
			children = (
				B37E112F1C90572C00D591F2 /* Base */,
			);
			name = LaunchScreen.storyboard;
			sourceTree = "<group>";
		};
/* End PBXVariantGroup section */

/* Begin XCBuildConfiguration section */
		B37E11321C90572C00D591F2 /* Debug */ = {
			isa = XCBuildConfiguration;
			buildSettings = {
				ALWAYS_SEARCH_USER_PATHS = NO;
				CLANG_CXX_LANGUAGE_STANDARD = "gnu++0x";
				CLANG_CXX_LIBRARY = "libc++";
				CLANG_ENABLE_MODULES = YES;
				CLANG_ENABLE_OBJC_ARC = YES;
				CLANG_WARN_BOOL_CONVERSION = YES;
				CLANG_WARN_CONSTANT_CONVERSION = YES;
				CLANG_WARN_DIRECT_OBJC_ISA_USAGE = YES_ERROR;
				CLANG_WARN_EMPTY_BODY = YES;
				CLANG_WARN_ENUM_CONVERSION = YES;
				CLANG_WARN_INT_CONVERSION = YES;
				CLANG_WARN_OBJC_ROOT_CLASS = YES_ERROR;
				CLANG_WARN_UNREACHABLE_CODE = YES;
				CLANG_WARN__DUPLICATE_METHOD_MATCH = YES;
				CODE_SIGN_IDENTITY = "iPhone Developer: sandipkumar Suvagia (69632B962Y)";
				"CODE_SIGN_IDENTITY[sdk=iphoneos*]" = "iPhone Developer: sandipkumar Suvagia (69632B962Y)";
				COPY_PHASE_STRIP = NO;
				DEBUG_INFORMATION_FORMAT = dwarf;
				ENABLE_STRICT_OBJC_MSGSEND = YES;
				ENABLE_TESTABILITY = YES;
				GCC_C_LANGUAGE_STANDARD = gnu99;
				GCC_DYNAMIC_NO_PIC = NO;
				GCC_NO_COMMON_BLOCKS = YES;
				GCC_OPTIMIZATION_LEVEL = 0;
				GCC_PREPROCESSOR_DEFINITIONS = (
					"DEBUG=1",
					"$(inherited)",
				);
				GCC_WARN_64_TO_32_BIT_CONVERSION = YES;
				GCC_WARN_ABOUT_RETURN_TYPE = YES_ERROR;
				GCC_WARN_UNDECLARED_SELECTOR = YES;
				GCC_WARN_UNINITIALIZED_AUTOS = YES_AGGRESSIVE;
				GCC_WARN_UNUSED_FUNCTION = YES;
				GCC_WARN_UNUSED_VARIABLE = YES;
				IPHONEOS_DEPLOYMENT_TARGET = 9.0;
				MTL_ENABLE_DEBUG_INFO = YES;
				ONLY_ACTIVE_ARCH = YES;
				PROVISIONING_PROFILE = "89a7c8c6-d835-48d1-b0f8-d315e21ba173";
				SDKROOT = iphoneos;
			};
			name = Debug;
		};
		B37E11331C90572C00D591F2 /* Release */ = {
			isa = XCBuildConfiguration;
			buildSettings = {
				ALWAYS_SEARCH_USER_PATHS = NO;
				CLANG_CXX_LANGUAGE_STANDARD = "gnu++0x";
				CLANG_CXX_LIBRARY = "libc++";
				CLANG_ENABLE_MODULES = YES;
				CLANG_ENABLE_OBJC_ARC = YES;
				CLANG_WARN_BOOL_CONVERSION = YES;
				CLANG_WARN_CONSTANT_CONVERSION = YES;
				CLANG_WARN_DIRECT_OBJC_ISA_USAGE = YES_ERROR;
				CLANG_WARN_EMPTY_BODY = YES;
				CLANG_WARN_ENUM_CONVERSION = YES;
				CLANG_WARN_INT_CONVERSION = YES;
				CLANG_WARN_OBJC_ROOT_CLASS = YES_ERROR;
				CLANG_WARN_UNREACHABLE_CODE = YES;
				CLANG_WARN__DUPLICATE_METHOD_MATCH = YES;
				CODE_SIGN_IDENTITY = "iPhone Developer: sandipkumar Suvagia (69632B962Y)";
				"CODE_SIGN_IDENTITY[sdk=iphoneos*]" = "iPhone Developer: sandipkumar Suvagia (69632B962Y)";
				COPY_PHASE_STRIP = NO;
				DEBUG_INFORMATION_FORMAT = "dwarf-with-dsym";
				ENABLE_NS_ASSERTIONS = NO;
				ENABLE_STRICT_OBJC_MSGSEND = YES;
				GCC_C_LANGUAGE_STANDARD = gnu99;
				GCC_NO_COMMON_BLOCKS = YES;
				GCC_WARN_64_TO_32_BIT_CONVERSION = YES;
				GCC_WARN_ABOUT_RETURN_TYPE = YES_ERROR;
				GCC_WARN_UNDECLARED_SELECTOR = YES;
				GCC_WARN_UNINITIALIZED_AUTOS = YES_AGGRESSIVE;
				GCC_WARN_UNUSED_FUNCTION = YES;
				GCC_WARN_UNUSED_VARIABLE = YES;
				IPHONEOS_DEPLOYMENT_TARGET = 9.0;
				MTL_ENABLE_DEBUG_INFO = NO;
				PROVISIONING_PROFILE = "89a7c8c6-d835-48d1-b0f8-d315e21ba173";
				SDKROOT = iphoneos;
				VALIDATE_PRODUCT = YES;
			};
			name = Release;
		};
		B37E11351C90572C00D591F2 /* Debug */ = {
			isa = XCBuildConfiguration;
			buildSettings = {
				ASSETCATALOG_COMPILER_APPICON_NAME = AppIcon;
				CODE_SIGN_IDENTITY = "iPhone Developer: sandipkumar Suvagia (69632B962Y)";
				FRAMEWORK_SEARCH_PATHS = (
					"$(inherited)",
					"$(PROJECT_DIR)/GoogleSignIn",
					"$(PROJECT_DIR)",
				);
				INFOPLIST_FILE = GoogleSignIn/Info.plist;
				LD_RUNPATH_SEARCH_PATHS = "$(inherited) @executable_path/Frameworks";
				OTHER_LDFLAGS = "-ObjC";
				PRODUCT_BUNDLE_IDENTIFIER = com.indiachat;
				PRODUCT_NAME = "$(TARGET_NAME)";
				PROVISIONING_PROFILE = "89a7c8c6-d835-48d1-b0f8-d315e21ba173";
			};
			name = Debug;
		};
		B37E11361C90572C00D591F2 /* Release */ = {
			isa = XCBuildConfiguration;
			buildSettings = {
				ASSETCATALOG_COMPILER_APPICON_NAME = AppIcon;
				CODE_SIGN_IDENTITY = "iPhone Developer: sandipkumar Suvagia (69632B962Y)";
				FRAMEWORK_SEARCH_PATHS = (
					"$(inherited)",
					"$(PROJECT_DIR)/GoogleSignIn",
					"$(PROJECT_DIR)",
				);
				INFOPLIST_FILE = GoogleSignIn/Info.plist;
				LD_RUNPATH_SEARCH_PATHS = "$(inherited) @executable_path/Frameworks";
				OTHER_LDFLAGS = "-ObjC";
				PRODUCT_BUNDLE_IDENTIFIER = com.indiachat;
				PRODUCT_NAME = "$(TARGET_NAME)";
				PROVISIONING_PROFILE = "89a7c8c6-d835-48d1-b0f8-d315e21ba173";
			};
			name = Release;
		};
/* End XCBuildConfiguration section */

/* Begin XCConfigurationList section */
		B37E11181C90572B00D591F2 /* Build configuration list for PBXProject "GoogleSignIn" */ = {
			isa = XCConfigurationList;
			buildConfigurations = (
				B37E11321C90572C00D591F2 /* Debug */,
				B37E11331C90572C00D591F2 /* Release */,
			);
			defaultConfigurationIsVisible = 0;
			defaultConfigurationName = Release;
		};
		B37E11341C90572C00D591F2 /* Build configuration list for PBXNativeTarget "GoogleSignIn" */ = {
			isa = XCConfigurationList;
			buildConfigurations = (
				B37E11351C90572C00D591F2 /* Debug */,
				B37E11361C90572C00D591F2 /* Release */,
			);
			defaultConfigurationIsVisible = 0;
			defaultConfigurationName = Release;
		};
/* End XCConfigurationList section */
	};
	rootObject = B37E11151C90572B00D591F2 /* Project object */;
}
